
Microsoft Visual Studio Solution File, Format Version 12.00
Project("{2150E333-8FDC-42A3-9474-1A3956D46DE8}") = "src", "src", "{AEDD9FAE-94C6-43D1-9E3E-58036C881CE3}"
EndProject
Project("{2150E333-8FDC-42A3-9474-1A3956D46DE8}") = "Core", "Core", "{BC9D94F7-2D9C-4870-834E-B6B3F6E2BB6B}"
EndProject
Project("{2150E333-8FDC-42A3-9474-1A3956D46DE8}") = "Infrastructure", "Infrastructure", "{82EA564E-C8DA-4077-A9FC-37AADF8F3DEE}"
EndProject
Project("{2150E333-8FDC-42A3-9474-1A3956D46DE8}") = "Presentation", "Presentation", "{95A7D7AE-3A2B-447E-B391-353E70D46E26}"
EndProject
Project("{FAE04EC0-301F-11D3-BF4B-00C04F79EFBC}") = "Domain", "Domain\Domain.csproj", "{4E755701-C559-4C7F-931D-C07C252423A0}"
EndProject
Project("{FAE04EC0-301F-11D3-BF4B-00C04F79EFBC}") = "Application", "Application\Application.csproj", "{0FACF11B-67FA-4E0C-82D0-FE910C7B20F2}"
EndProject
Project("{FAE04EC0-301F-11D3-BF4B-00C04F79EFBC}") = "Infrastructure", "Infrastructure\Infrastructure.csproj", "{E0CDC26E-38C8-414B-82B9-F4E2E7CBDC3C}"
EndProject
Project("{FAE04EC0-301F-11D3-BF4B-00C04F79EFBC}") = "Persistence", "Persistence\Persistence.csproj", "{CD77ADB9-1A27-4C65-8B79-2234945D19F9}"
EndProject
Project("{FAE04EC0-301F-11D3-BF4B-00C04F79EFBC}") = "API", "API\API.csproj", "{BA5B04D8-B6F1-4AE4-AFEB-724F1ED07D7A}"
EndProject
Global
	GlobalSection(SolutionConfigurationPlatforms) = preSolution
		Debug|Any CPU = Debug|Any CPU
		Release|Any CPU = Release|Any CPU
	EndGlobalSection
	GlobalSection(NestedProjects) = preSolution
		{BC9D94F7-2D9C-4870-834E-B6B3F6E2BB6B} = {AEDD9FAE-94C6-43D1-9E3E-58036C881CE3}
		{82EA564E-C8DA-4077-A9FC-37AADF8F3DEE} = {AEDD9FAE-94C6-43D1-9E3E-58036C881CE3}
		{95A7D7AE-3A2B-447E-B391-353E70D46E26} = {AEDD9FAE-94C6-43D1-9E3E-58036C881CE3}
		{4E755701-C559-4C7F-931D-C07C252423A0} = {BC9D94F7-2D9C-4870-834E-B6B3F6E2BB6B}
		{0FACF11B-67FA-4E0C-82D0-FE910C7B20F2} = {BC9D94F7-2D9C-4870-834E-B6B3F6E2BB6B}
		{E0CDC26E-38C8-414B-82B9-F4E2E7CBDC3C} = {82EA564E-C8DA-4077-A9FC-37AADF8F3DEE}
		{CD77ADB9-1A27-4C65-8B79-2234945D19F9} = {82EA564E-C8DA-4077-A9FC-37AADF8F3DEE}
		{BA5B04D8-B6F1-4AE4-AFEB-724F1ED07D7A} = {95A7D7AE-3A2B-447E-B391-353E70D46E26}
	EndGlobalSection
	GlobalSection(ProjectConfigurationPlatforms) = postSolution
		{4E755701-C559-4C7F-931D-C07C252423A0}.Debug|Any CPU.ActiveCfg = Debug|Any CPU
		{4E755701-C559-4C7F-931D-C07C252423A0}.Debug|Any CPU.Build.0 = Debug|Any CPU
		{4E755701-C559-4C7F-931D-C07C252423A0}.Release|Any CPU.ActiveCfg = Release|Any CPU
		{4E755701-C559-4C7F-931D-C07C252423A0}.Release|Any CPU.Build.0 = Release|Any CPU
		{0FACF11B-67FA-4E0C-82D0-FE910C7B20F2}.Debug|Any CPU.ActiveCfg = Debug|Any CPU
		{0FACF11B-67FA-4E0C-82D0-FE910C7B20F2}.Debug|Any CPU.Build.0 = Debug|Any CPU
		{0FACF11B-67FA-4E0C-82D0-FE910C7B20F2}.Release|Any CPU.ActiveCfg = Release|Any CPU
		{0FACF11B-67FA-4E0C-82D0-FE910C7B20F2}.Release|Any CPU.Build.0 = Release|Any CPU
		{E0CDC26E-38C8-414B-82B9-F4E2E7CBDC3C}.Debug|Any CPU.ActiveCfg = Debug|Any CPU
		{E0CDC26E-38C8-414B-82B9-F4E2E7CBDC3C}.Debug|Any CPU.Build.0 = Debug|Any CPU
		{E0CDC26E-38C8-414B-82B9-F4E2E7CBDC3C}.Release|Any CPU.ActiveCfg = Release|Any CPU
		{E0CDC26E-38C8-414B-82B9-F4E2E7CBDC3C}.Release|Any CPU.Build.0 = Release|Any CPU
		{CD77ADB9-1A27-4C65-8B79-2234945D19F9}.Debug|Any CPU.ActiveCfg = Debug|Any CPU
		{CD77ADB9-1A27-4C65-8B79-2234945D19F9}.Debug|Any CPU.Build.0 = Debug|Any CPU
		{CD77ADB9-1A27-4C65-8B79-2234945D19F9}.Release|Any CPU.ActiveCfg = Release|Any CPU
		{CD77ADB9-1A27-4C65-8B79-2234945D19F9}.Release|Any CPU.Build.0 = Release|Any CPU
		{BA5B04D8-B6F1-4AE4-AFEB-724F1ED07D7A}.Debug|Any CPU.ActiveCfg = Debug|Any CPU
		{BA5B04D8-B6F1-4AE4-AFEB-724F1ED07D7A}.Debug|Any CPU.Build.0 = Debug|Any CPU
		{BA5B04D8-B6F1-4AE4-AFEB-724F1ED07D7A}.Release|Any CPU.ActiveCfg = Release|Any CPU
		{BA5B04D8-B6F1-4AE4-AFEB-724F1ED07D7A}.Release|Any CPU.Build.0 = Release|Any CPU
	EndGlobalSection
EndGlobal
